
Microsoft Visual Studio Solution File, Format Version 12.00
# Visual Studio Version 16
VisualStudioVersion = 16.0.30204.135
MinimumVisualStudioVersion = 10.0.40219.1
Project("{FAE04EC0-301F-11D3-BF4B-00C04F79EFBC}") = "DolarCartao.Android", "DolarCartao\DolarCartao.Android\DolarCartao.Android.csproj", "{A3057458-DA92-4097-83C9-DC577AE2B450}"
EndProject
Project("{FAE04EC0-301F-11D3-BF4B-00C04F79EFBC}") = "DolarCartao", "DolarCartao\DolarCartao\DolarCartao.csproj", "{C33F28FE-C148-4F35-BADF-EAA1153FFF2D}"
EndProject
Global
	GlobalSection(SolutionConfigurationPlatforms) = preSolution
		Debug|Any CPU = Debug|Any CPU
		Release|Any CPU = Release|Any CPU
	EndGlobalSection
	GlobalSection(ProjectConfigurationPlatforms) = postSolution
		{A3057458-DA92-4097-83C9-DC577AE2B450}.Debug|Any CPU.ActiveCfg = Debug|Any CPU
		{A3057458-DA92-4097-83C9-DC577AE2B450}.Debug|Any CPU.Build.0 = Debug|Any CPU
		{A3057458-DA92-4097-83C9-DC577AE2B450}.Debug|Any CPU.Deploy.0 = Debug|Any CPU
		{A3057458-DA92-4097-83C9-DC577AE2B450}.Release|Any CPU.ActiveCfg = Release|Any CPU
		{A3057458-DA92-4097-83C9-DC577AE2B450}.Release|Any CPU.Build.0 = Release|Any CPU
		{A3057458-DA92-4097-83C9-DC577AE2B450}.Release|Any CPU.Deploy.0 = Release|Any CPU
		{C33F28FE-C148-4F35-BADF-EAA1153FFF2D}.Debug|Any CPU.ActiveCfg = Debug|Any CPU
		{C33F28FE-C148-4F35-BADF-EAA1153FFF2D}.Debug|Any CPU.Build.0 = Debug|Any CPU
		{C33F28FE-C148-4F35-BADF-EAA1153FFF2D}.Debug|Any CPU.Deploy.0 = Debug|Any CPU
		{C33F28FE-C148-4F35-BADF-EAA1153FFF2D}.Release|Any CPU.ActiveCfg = Release|Any CPU
		{C33F28FE-C148-4F35-BADF-EAA1153FFF2D}.Release|Any CPU.Build.0 = Release|Any CPU
		{C33F28FE-C148-4F35-BADF-EAA1153FFF2D}.Release|Any CPU.Deploy.0 = Release|Any CPU
	EndGlobalSection
	GlobalSection(SolutionProperties) = preSolution
		HideSolutionNode = FALSE
	EndGlobalSection
	GlobalSection(ExtensibilityGlobals) = postSolution
		SolutionGuid = {EEE2FDD0-E4FC-4EE0-AF08-63F4E1B1C6DD}
	EndGlobalSection
EndGlobal
